
Microsoft Visual Studio Solution File, Format Version 12.00
# Visual Studio Version 17
VisualStudioVersion = 17.9.34616.47
MinimumVisualStudioVersion = 10.0.40219.1
Project("{FAE04EC0-301F-11D3-BF4B-00C04F79EFBC}") = "PA", "PA\PA.csproj", "{35F3DBB5-D2B4-496D-A373-8409DFA60A25}"
EndProject
Global
	GlobalSection(SolutionConfigurationPlatforms) = preSolution
		Debug|Any CPU = Debug|Any CPU
		Release|Any CPU = Release|Any CPU
	EndGlobalSection
	GlobalSection(ProjectConfigurationPlatforms) = postSolution
		{35F3DBB5-D2B4-496D-A373-8409DFA60A25}.Debug|Any CPU.ActiveCfg = Debug|Any CPU
		{35F3DBB5-D2B4-496D-A373-8409DFA60A25}.Debug|Any CPU.Build.0 = Debug|Any CPU
		{35F3DBB5-D2B4-496D-A373-8409DFA60A25}.Release|Any CPU.ActiveCfg = Release|Any CPU
		{35F3DBB5-D2B4-496D-A373-8409DFA60A25}.Release|Any CPU.Build.0 = Release|Any CPU
	EndGlobalSection
	GlobalSection(SolutionProperties) = preSolution
		HideSolutionNode = FALSE
	EndGlobalSection
	GlobalSection(ExtensibilityGlobals) = postSolution
		SolutionGuid = {D0E39F8A-F601-4F9B-9AB2-4338C0498954}
	EndGlobalSection
EndGlobal
