
Microsoft Visual Studio Solution File, Format Version 12.00
# Visual Studio Version 17
VisualStudioVersion = 17.9.34616.47
MinimumVisualStudioVersion = 10.0.40219.1
Project("{FAE04EC0-301F-11D3-BF4B-00C04F79EFBC}") = "Alarme", "Alarme\Alarme.csproj", "{42DF8313-5B1F-44ED-8BE0-675C60D29BAA}"
EndProject
Global
	GlobalSection(SolutionConfigurationPlatforms) = preSolution
		Debug|Any CPU = Debug|Any CPU
		Release|Any CPU = Release|Any CPU
	EndGlobalSection
	GlobalSection(ProjectConfigurationPlatforms) = postSolution
		{42DF8313-5B1F-44ED-8BE0-675C60D29BAA}.Debug|Any CPU.ActiveCfg = Debug|Any CPU
		{42DF8313-5B1F-44ED-8BE0-675C60D29BAA}.Debug|Any CPU.Build.0 = Debug|Any CPU
		{42DF8313-5B1F-44ED-8BE0-675C60D29BAA}.Release|Any CPU.ActiveCfg = Release|Any CPU
		{42DF8313-5B1F-44ED-8BE0-675C60D29BAA}.Release|Any CPU.Build.0 = Release|Any CPU
	EndGlobalSection
	GlobalSection(SolutionProperties) = preSolution
		HideSolutionNode = FALSE
	EndGlobalSection
	GlobalSection(ExtensibilityGlobals) = postSolution
		SolutionGuid = {2B9D0706-F910-44E3-8C3B-564BC6E6304B}
	EndGlobalSection
EndGlobal
