
Microsoft Visual Studio Solution File, Format Version 12.00
# Visual Studio Version 17
VisualStudioVersion = 17.9.34616.47
MinimumVisualStudioVersion = 10.0.40219.1
Project("{FAE04EC0-301F-11D3-BF4B-00C04F79EFBC}") = "jurosSimples", "jurosSimples\jurosSimples.csproj", "{FB00DFF9-8308-4A20-A78C-0C9C4E4E5381}"
EndProject
Global
	GlobalSection(SolutionConfigurationPlatforms) = preSolution
		Debug|Any CPU = Debug|Any CPU
		Release|Any CPU = Release|Any CPU
	EndGlobalSection
	GlobalSection(ProjectConfigurationPlatforms) = postSolution
		{FB00DFF9-8308-4A20-A78C-0C9C4E4E5381}.Debug|Any CPU.ActiveCfg = Debug|Any CPU
		{FB00DFF9-8308-4A20-A78C-0C9C4E4E5381}.Debug|Any CPU.Build.0 = Debug|Any CPU
		{FB00DFF9-8308-4A20-A78C-0C9C4E4E5381}.Release|Any CPU.ActiveCfg = Release|Any CPU
		{FB00DFF9-8308-4A20-A78C-0C9C4E4E5381}.Release|Any CPU.Build.0 = Release|Any CPU
	EndGlobalSection
	GlobalSection(SolutionProperties) = preSolution
		HideSolutionNode = FALSE
	EndGlobalSection
	GlobalSection(ExtensibilityGlobals) = postSolution
		SolutionGuid = {F2238238-5A40-4D58-A66C-7FCCDF92BFC8}
	EndGlobalSection
EndGlobal
