
Microsoft Visual Studio Solution File, Format Version 12.00
# Visual Studio Version 17
VisualStudioVersion = 17.9.34616.47
MinimumVisualStudioVersion = 10.0.40219.1
Project("{FAE04EC0-301F-11D3-BF4B-00C04F79EFBC}") = "calculadora", "calculadora\calculadora.csproj", "{69BEDC03-45AD-44D5-863E-3BD0D8B35E5A}"
EndProject
Global
	GlobalSection(SolutionConfigurationPlatforms) = preSolution
		Debug|Any CPU = Debug|Any CPU
		Release|Any CPU = Release|Any CPU
	EndGlobalSection
	GlobalSection(ProjectConfigurationPlatforms) = postSolution
		{69BEDC03-45AD-44D5-863E-3BD0D8B35E5A}.Debug|Any CPU.ActiveCfg = Debug|Any CPU
		{69BEDC03-45AD-44D5-863E-3BD0D8B35E5A}.Debug|Any CPU.Build.0 = Debug|Any CPU
		{69BEDC03-45AD-44D5-863E-3BD0D8B35E5A}.Release|Any CPU.ActiveCfg = Release|Any CPU
		{69BEDC03-45AD-44D5-863E-3BD0D8B35E5A}.Release|Any CPU.Build.0 = Release|Any CPU
	EndGlobalSection
	GlobalSection(SolutionProperties) = preSolution
		HideSolutionNode = FALSE
	EndGlobalSection
	GlobalSection(ExtensibilityGlobals) = postSolution
		SolutionGuid = {273DBCEE-0612-443E-BA85-E07255815ADD}
	EndGlobalSection
EndGlobal
